
Microsoft Visual Studio Solution File, Format Version 12.00
# Visual Studio Version 17
VisualStudioVersion = 17.5.002.0
MinimumVisualStudioVersion = 10.0.40219.1
Project("{9A19103F-16F7-4668-BE54-9A1E7A4F7556}") = "AntBlazor", "AntBlazor\AntBlazor.csproj", "{1459DEF3-9B98-48E6-882C-D2DD75FFB492}"
EndProject
Project("{9A19103F-16F7-4668-BE54-9A1E7A4F7556}") = "CodeWF", "CodeWF\CodeWF.csproj", "{09CA3A93-8F79-4CCD-BA28-A5144C1211AE}"
EndProject
Project("{9A19103F-16F7-4668-BE54-9A1E7A4F7556}") = "WebSite", "WebSite\WebSite.csproj", "{B59934F4-6B2D-473E-A601-9F6EE8E1F22A}"
EndProject
Project("{2150E333-8FDC-42A3-9474-1A3956D46DE8}") = "BlogWebSite", "BlogWebSite", "{4842AC39-D426-4D87-809B-766FC67151FE}"
EndProject
Project("{9A19103F-16F7-4668-BE54-9A1E7A4F7556}") = "BlogWebSite", "BlogWebSite\BlogWebSite\BlogWebSite.csproj", "{FE14BAB1-BB98-4287-93D1-0871C2634420}"
EndProject
Project("{9A19103F-16F7-4668-BE54-9A1E7A4F7556}") = "BlogWebSite.Client", "BlogWebSite\BlogWebSite.Client\BlogWebSite.Client.csproj", "{9D294737-1A82-4097-AF34-C7647A2188FC}"
EndProject
Project("{9A19103F-16F7-4668-BE54-9A1E7A4F7556}") = "BlogWebSite.Shared", "BlogWebSite\BlogWebSite.Shared\BlogWebSite.Shared.csproj", "{F69EC870-5BEF-42FF-87B8-13D64E153B8E}"
EndProject
Global
	GlobalSection(SolutionConfigurationPlatforms) = preSolution
		Debug|Any CPU = Debug|Any CPU
		Release|Any CPU = Release|Any CPU
	EndGlobalSection
	GlobalSection(ProjectConfigurationPlatforms) = postSolution
		{1459DEF3-9B98-48E6-882C-D2DD75FFB492}.Debug|Any CPU.ActiveCfg = Debug|Any CPU
		{1459DEF3-9B98-48E6-882C-D2DD75FFB492}.Debug|Any CPU.Build.0 = Debug|Any CPU
		{1459DEF3-9B98-48E6-882C-D2DD75FFB492}.Release|Any CPU.ActiveCfg = Release|Any CPU
		{1459DEF3-9B98-48E6-882C-D2DD75FFB492}.Release|Any CPU.Build.0 = Release|Any CPU
		{09CA3A93-8F79-4CCD-BA28-A5144C1211AE}.Debug|Any CPU.ActiveCfg = Debug|Any CPU
		{09CA3A93-8F79-4CCD-BA28-A5144C1211AE}.Debug|Any CPU.Build.0 = Debug|Any CPU
		{09CA3A93-8F79-4CCD-BA28-A5144C1211AE}.Release|Any CPU.ActiveCfg = Release|Any CPU
		{09CA3A93-8F79-4CCD-BA28-A5144C1211AE}.Release|Any CPU.Build.0 = Release|Any CPU
		{B59934F4-6B2D-473E-A601-9F6EE8E1F22A}.Debug|Any CPU.ActiveCfg = Debug|Any CPU
		{B59934F4-6B2D-473E-A601-9F6EE8E1F22A}.Debug|Any CPU.Build.0 = Debug|Any CPU
		{B59934F4-6B2D-473E-A601-9F6EE8E1F22A}.Release|Any CPU.ActiveCfg = Release|Any CPU
		{B59934F4-6B2D-473E-A601-9F6EE8E1F22A}.Release|Any CPU.Build.0 = Release|Any CPU
		{FE14BAB1-BB98-4287-93D1-0871C2634420}.Debug|Any CPU.ActiveCfg = Debug|Any CPU
		{FE14BAB1-BB98-4287-93D1-0871C2634420}.Debug|Any CPU.Build.0 = Debug|Any CPU
		{FE14BAB1-BB98-4287-93D1-0871C2634420}.Release|Any CPU.ActiveCfg = Release|Any CPU
		{FE14BAB1-BB98-4287-93D1-0871C2634420}.Release|Any CPU.Build.0 = Release|Any CPU
		{9D294737-1A82-4097-AF34-C7647A2188FC}.Debug|Any CPU.ActiveCfg = Debug|Any CPU
		{9D294737-1A82-4097-AF34-C7647A2188FC}.Debug|Any CPU.Build.0 = Debug|Any CPU
		{9D294737-1A82-4097-AF34-C7647A2188FC}.Release|Any CPU.ActiveCfg = Release|Any CPU
		{9D294737-1A82-4097-AF34-C7647A2188FC}.Release|Any CPU.Build.0 = Release|Any CPU
		{F69EC870-5BEF-42FF-87B8-13D64E153B8E}.Debug|Any CPU.ActiveCfg = Debug|Any CPU
		{F69EC870-5BEF-42FF-87B8-13D64E153B8E}.Debug|Any CPU.Build.0 = Debug|Any CPU
		{F69EC870-5BEF-42FF-87B8-13D64E153B8E}.Release|Any CPU.ActiveCfg = Release|Any CPU
		{F69EC870-5BEF-42FF-87B8-13D64E153B8E}.Release|Any CPU.Build.0 = Release|Any CPU
	EndGlobalSection
	GlobalSection(SolutionProperties) = preSolution
		HideSolutionNode = FALSE
	EndGlobalSection
	GlobalSection(NestedProjects) = preSolution
		{FE14BAB1-BB98-4287-93D1-0871C2634420} = {4842AC39-D426-4D87-809B-766FC67151FE}
		{9D294737-1A82-4097-AF34-C7647A2188FC} = {4842AC39-D426-4D87-809B-766FC67151FE}
		{F69EC870-5BEF-42FF-87B8-13D64E153B8E} = {4842AC39-D426-4D87-809B-766FC67151FE}
	EndGlobalSection
	GlobalSection(ExtensibilityGlobals) = postSolution
		SolutionGuid = {172EC965-0041-4EF1-9656-D73530F9ED6C}
	EndGlobalSection
EndGlobal
